
Microsoft Visual Studio Solution File, Format Version 12.00
# Visual Studio 15
VisualStudioVersion = 15.0.26724.1
MinimumVisualStudioVersion = 10.0.40219.1
Project("{FAE04EC0-301F-11D3-BF4B-00C04F79EFBC}") = "AvroFileMerger", "AvroFileMerger\AvroFileMerger.csproj", "{D4437011-9616-47F0-A82D-34312D747A9B}"
EndProject
Global
	GlobalSection(SolutionConfigurationPlatforms) = preSolution
		Debug|Any CPU = Debug|Any CPU
		Release|Any CPU = Release|Any CPU
	EndGlobalSection
	GlobalSection(ProjectConfigurationPlatforms) = postSolution
		{D4437011-9616-47F0-A82D-34312D747A9B}.Debug|Any CPU.ActiveCfg = Debug|Any CPU
		{D4437011-9616-47F0-A82D-34312D747A9B}.Debug|Any CPU.Build.0 = Debug|Any CPU
		{D4437011-9616-47F0-A82D-34312D747A9B}.Release|Any CPU.ActiveCfg = Release|Any CPU
		{D4437011-9616-47F0-A82D-34312D747A9B}.Release|Any CPU.Build.0 = Release|Any CPU
	EndGlobalSection
	GlobalSection(SolutionProperties) = preSolution
		HideSolutionNode = FALSE
	EndGlobalSection
	GlobalSection(ExtensibilityGlobals) = postSolution
		SolutionGuid = {B566EE31-9093-4CE7-B23C-44784DC26F8E}
	EndGlobalSection
EndGlobal
